
Microsoft Visual Studio Solution File, Format Version 11.00
# Visual Studio 2010
Project("{FAE04EC0-301F-11D3-BF4B-00C04F79EFBC}") = "Assembly-CSharp", "Assembly-CSharp.csproj", "{E68C6565-CF01-3784-6FA1-93933DFB70D0}"
EndProject
Project("{FAE04EC0-301F-11D3-BF4B-00C04F79EFBC}") = "Assembly-CSharp-Editor", "Assembly-CSharp-Editor.csproj", "{1684FFA0-5B78-8A88-876B-99C86A747C49}"
EndProject
Global
	GlobalSection(SolutionConfigurationPlatforms) = preSolution
		Debug|Any CPU = Debug|Any CPU
		Release|Any CPU = Release|Any CPU
	EndGlobalSection
	GlobalSection(ProjectConfigurationPlatforms) = postSolution
		{E68C6565-CF01-3784-6FA1-93933DFB70D0}.Debug|Any CPU.ActiveCfg = Debug|Any CPU
		{E68C6565-CF01-3784-6FA1-93933DFB70D0}.Debug|Any CPU.Build.0 = Debug|Any CPU
		{E68C6565-CF01-3784-6FA1-93933DFB70D0}.Release|Any CPU.ActiveCfg = Release|Any CPU
		{E68C6565-CF01-3784-6FA1-93933DFB70D0}.Release|Any CPU.Build.0 = Release|Any CPU
		{1684FFA0-5B78-8A88-876B-99C86A747C49}.Debug|Any CPU.ActiveCfg = Debug|Any CPU
		{1684FFA0-5B78-8A88-876B-99C86A747C49}.Debug|Any CPU.Build.0 = Debug|Any CPU
		{1684FFA0-5B78-8A88-876B-99C86A747C49}.Release|Any CPU.ActiveCfg = Release|Any CPU
		{1684FFA0-5B78-8A88-876B-99C86A747C49}.Release|Any CPU.Build.0 = Release|Any CPU
	EndGlobalSection
	GlobalSection(SolutionProperties) = preSolution
		HideSolutionNode = FALSE
	EndGlobalSection
	GlobalSection(MonoDevelopProperties) = preSolution
		StartupItem = Assembly-CSharp.csproj
	EndGlobalSection
EndGlobal
